// !$*UTF8*$!
{
	archiveVersion = 1;
	classes = {
	};
	objectVersion = 46;
	objects = {

/* Begin PBXBuildFile section */
		2C56B66C1C0EE4A200E16672 /* AppDelegate.m in Sources */ = {isa = PBXBuildFile; fileRef = 2C56B66B1C0EE4A200E16672 /* AppDelegate.m */; };
		2C56B66F1C0EE4A200E16672 /* main.m in Sources */ = {isa = PBXBuildFile; fileRef = 2C56B66E1C0EE4A200E16672 /* main.m */; };
		2C56B6711C0EE4A200E16672 /* Assets.xcassets in Resources */ = {isa = PBXBuildFile; fileRef = 2C56B6701C0EE4A200E16672 /* Assets.xcassets */; };
		2C56B6741C0EE4A200E16672 /* MainMenu.xib in Resources */ = {isa = PBXBuildFile; fileRef = 2C56B6721C0EE4A200E16672 /* MainMenu.xib */; };
		2C56B67C1C0EE4A800E16672 /* File in Resources */ = {isa = PBXBuildFile; fileRef = 2C56B67B1C0EE4A800E16672 /* File */; };
/* End PBXBuildFile section */

/* Begin PBXFileReference section */
		2C56B6671C0EE4A200E16672 /* Mac.app */ = {isa = PBXFileReference; explicitFileType = wrapper.application; includeInIndex = 0; path = Mac.app; sourceTree = BUILT_PRODUCTS_DIR; };
		2C56B66A1C0EE4A200E16672 /* AppDelegate.h */ = {isa = PBXFileReference; lastKnownFileType = sourcecode.c.h; path = AppDelegate.h; sourceTree = "<group>"; };
		2C56B66B1C0EE4A200E16672 /* AppDelegate.m */ = {isa = PBXFileReference; lastKnownFileType = sourcecode.c.objc; path = AppDelegate.m; sourceTree = "<group>"; };
		2C56B66E1C0EE4A200E16672 /* main.m */ = {isa = PBXFileReference; lastKnownFileType = sourcecode.c.objc; path = main.m; sourceTree = "<group>"; };
		2C56B6701C0EE4A200E16672 /* Assets.xcassets */ = {isa = PBXFileReference; lastKnownFileType = folder.assetcatalog; path = Assets.xcassets; sourceTree = "<group>"; };
		2C56B6731C0EE4A200E16672 /* Base */ = {isa = PBXFileReference; lastKnownFileType = file.xib; name = Base; path = Base.lproj/MainMenu.xib; sourceTree = "<group>"; };
		2C56B6751C0EE4A200E16672 /* Info.plist */ = {isa = PBXFileReference; lastKnownFileType = text.plist.xml; path = Info.plist; sourceTree = "<group>"; };
		2C56B67B1C0EE4A800E16672 /* File */ = {isa = PBXFileReference; fileEncoding = 4; lastKnownFileType = text; path = File; sourceTree = "<group>"; };
/* End PBXFileReference section */

/* Begin PBXFrameworksBuildPhase section */
		2C56B6641C0EE4A200E16672 /* Frameworks */ = {
			isa = PBXFrameworksBuildPhase;
			buildActionMask = 2147483647;
			files = (
			);
			runOnlyForDeploymentPostprocessing = 0;
		};
/* End PBXFrameworksBuildPhase section */

/* Begin PBXGroup section */
		2C56B65E1C0EE4A200E16672 = {
			isa = PBXGroup;
			children = (
				2C56B6691C0EE4A200E16672 /* Mac */,
				2C56B6681C0EE4A200E16672 /* Products */,
			);
			sourceTree = "<group>";
		};
		2C56B6681C0EE4A200E16672 /* Products */ = {
			isa = PBXGroup;
			children = (
				2C56B6671C0EE4A200E16672 /* Mac.app */,
			);
			name = Products;
			sourceTree = "<group>";
		};
		2C56B6691C0EE4A200E16672 /* Mac */ = {
			isa = PBXGroup;
			children = (
				2C56B66A1C0EE4A200E16672 /* AppDelegate.h */,
				2C56B66B1C0EE4A200E16672 /* AppDelegate.m */,
				2C56B67B1C0EE4A800E16672 /* File */,
				2C56B6701C0EE4A200E16672 /* Assets.xcassets */,
				2C56B6721C0EE4A200E16672 /* MainMenu.xib */,
				2C56B6751C0EE4A200E16672 /* Info.plist */,
				2C56B66D1C0EE4A200E16672 /* Supporting Files */,
			);
			path = Mac;
			sourceTree = "<group>";
		};
		2C56B66D1C0EE4A200E16672 /* Supporting Files */ = {
			isa = PBXGroup;
			children = (
				2C56B66E1C0EE4A200E16672 /* main.m */,
			);
			name = "Supporting Files";
			sourceTree = "<group>";
		};
/* End PBXGroup section */

/* Begin PBXNativeTarget section */
		2C56B6661C0EE4A200E16672 /* Mac */ = {
			isa = PBXNativeTarget;
			buildConfigurationList = 2C56B6781C0EE4A200E16672 /* Build configuration list for PBXNativeTarget "Mac" */;
			buildPhases = (
				2C56B6631C0EE4A200E16672 /* Sources */,
				2C56B6641C0EE4A200E16672 /* Frameworks */,
				2C56B6651C0EE4A200E16672 /* Resources */,
			);
			buildRules = (
			);
			dependencies = (
			);
			name = Mac;
			productName = Mac;
			productReference = 2C56B6671C0EE4A200E16672 /* Mac.app */;
			productType = "com.apple.product-type.application";
		};
/* End PBXNativeTarget section */

/* Begin PBXProject section */
		2C56B65F1C0EE4A200E16672 /* Project object */ = {
			isa = PBXProject;
			attributes = {
				LastUpgradeCheck = 0710;
				ORGANIZATIONNAME = Johnson;
				TargetAttributes = {
					2C56B6661C0EE4A200E16672 = {
						CreatedOnToolsVersion = 7.1.1;
					};
				};
			};
			buildConfigurationList = 2C56B6621C0EE4A200E16672 /* Build configuration list for PBXProject "Mac" */;
			compatibilityVersion = "Xcode 3.2";
			developmentRegion = English;
			hasScannedForEncodings = 0;
			knownRegions = (
				en,
				Base,
			);
			mainGroup = 2C56B65E1C0EE4A200E16672;
			productRefGroup = 2C56B6681C0EE4A200E16672 /* Products */;
			projectDirPath = "";
			projectRoot = "";
			targets = (
				2C56B6661C0EE4A200E16672 /* Mac */,
			);
		};
/* End PBXProject section */

/* Begin PBXResourcesBuildPhase section */
		2C56B6651C0EE4A200E16672 /* Resources */ = {
			isa = PBXResourcesBuildPhase;
			buildActionMask = 2147483647;
			files = (
				2C56B6711C0EE4A200E16672 /* Assets.xcassets in Resources */,
				2C56B6741C0EE4A200E16672 /* MainMenu.xib in Resources */,
				2C56B67C1C0EE4A800E16672 /* File in Resources */,
			);
			runOnlyForDeploymentPostprocessing = 0;
		};
/* End PBXResourcesBuildPhase section */

/* Begin PBXSourcesBuildPhase section */
		2C56B6631C0EE4A200E16672 /* Sources */ = {
			isa = PBXSourcesBuildPhase;
			buildActionMask = 2147483647;
			files = (
				2C56B66F1C0EE4A200E16672 /* main.m in Sources */,
				2C56B66C1C0EE4A200E16672 /* AppDelegate.m in Sources */,
			);
			runOnlyForDeploymentPostprocessing = 0;
		};
/* End PBXSourcesBuildPhase section */

/* Begin PBXVariantGroup section */
		2C56B6721C0EE4A200E16672 /* MainMenu.xib */ = {
			isa = PBXVariantGroup;
			children = (
				2C56B6731C0EE4A200E16672 /* Base */,
			);
			name = MainMenu.xib;
			sourceTree = "<group>";
		};
/* End PBXVariantGroup section */

/* Begin XCBuildConfiguration section */
		2C56B6761C0EE4A200E16672 /* Debug */ = {
			isa = XCBuildConfiguration;
			buildSettings = {
				ALWAYS_SEARCH_USER_PATHS = NO;
				CLANG_CXX_LANGUAGE_STANDARD = "gnu++0x";
				CLANG_CXX_LIBRARY = "libc++";
				CLANG_ENABLE_MODULES = YES;
				CLANG_ENABLE_OBJC_ARC = YES;
				CLANG_WARN_BOOL_CONVERSION = YES;
				CLANG_WARN_CONSTANT_CONVERSION = YES;
				CLANG_WARN_DIRECT_OBJC_ISA_USAGE = YES_ERROR;
				CLANG_WARN_EMPTY_BODY = YES;
				CLANG_WARN_ENUM_CONVERSION = YES;
				CLANG_WARN_INT_CONVERSION = YES;
				CLANG_WARN_OBJC_ROOT_CLASS = YES_ERROR;
				CLANG_WARN_UNREACHABLE_CODE = YES;
				CLANG_WARN__DUPLICATE_METHOD_MATCH = YES;
				CODE_SIGN_IDENTITY = "-";
				COPY_PHASE_STRIP = NO;
				DEBUG_INFORMATION_FORMAT = dwarf;
				ENABLE_STRICT_OBJC_MSGSEND = YES;
				ENABLE_TESTABILITY = YES;
				GCC_C_LANGUAGE_STANDARD = gnu99;
				GCC_DYNAMIC_NO_PIC = NO;
				GCC_NO_COMMON_BLOCKS = YES;
				GCC_OPTIMIZATION_LEVEL = 0;
				GCC_PREPROCESSOR_DEFINITIONS = (
					"DEBUG=1",
					"$(inherited)",
				);
				GCC_WARN_64_TO_32_BIT_CONVERSION = YES;
				GCC_WARN_ABOUT_RETURN_TYPE = YES_ERROR;
				GCC_WARN_UNDECLARED_SELECTOR = YES;
				GCC_WARN_UNINITIALIZED_AUTOS = YES_AGGRESSIVE;
				GCC_WARN_UNUSED_FUNCTION = YES;
				GCC_WARN_UNUSED_VARIABLE = YES;
				MACOSX_DEPLOYMENT_TARGET = 10.11;
				MTL_ENABLE_DEBUG_INFO = YES;
				ONLY_ACTIVE_ARCH = YES;
				SDKROOT = macosx;
			};
			name = Debug;
		};
		2C56B6771C0EE4A200E16672 /* Release */ = {
			isa = XCBuildConfiguration;
			buildSettings = {
				ALWAYS_SEARCH_USER_PATHS = NO;
				CLANG_CXX_LANGUAGE_STANDARD = "gnu++0x";
				CLANG_CXX_LIBRARY = "libc++";
				CLANG_ENABLE_MODULES = YES;
				CLANG_ENABLE_OBJC_ARC = YES;
				CLANG_WARN_BOOL_CONVERSION = YES;
				CLANG_WARN_CONSTANT_CONVERSION = YES;
				CLANG_WARN_DIRECT_OBJC_ISA_USAGE = YES_ERROR;
				CLANG_WARN_EMPTY_BODY = YES;
				CLANG_WARN_ENUM_CONVERSION = YES;
				CLANG_WARN_INT_CONVERSION = YES;
				CLANG_WARN_OBJC_ROOT_CLASS = YES_ERROR;
				CLANG_WARN_UNREACHABLE_CODE = YES;
				CLANG_WARN__DUPLICATE_METHOD_MATCH = YES;
				CODE_SIGN_IDENTITY = "-";
				COPY_PHASE_STRIP = NO;
				DEBUG_INFORMATION_FORMAT = "dwarf-with-dsym";
				ENABLE_NS_ASSERTIONS = NO;
				ENABLE_STRICT_OBJC_MSGSEND = YES;
				GCC_C_LANGUAGE_STANDARD = gnu99;
				GCC_NO_COMMON_BLOCKS = YES;
				GCC_WARN_64_TO_32_BIT_CONVERSION = YES;
				GCC_WARN_ABOUT_RETURN_TYPE = YES_ERROR;
				GCC_WARN_UNDECLARED_SELECTOR = YES;
				GCC_WARN_UNINITIALIZED_AUTOS = YES_AGGRESSIVE;
				GCC_WARN_UNUSED_FUNCTION = YES;
				GCC_WARN_UNUSED_VARIABLE = YES;
				MACOSX_DEPLOYMENT_TARGET = 10.11;
				MTL_ENABLE_DEBUG_INFO = NO;
				SDKROOT = macosx;
			};
			name = Release;
		};
		2C56B6791C0EE4A200E16672 /* Debug */ = {
			isa = XCBuildConfiguration;
			buildSettings = {
				ASSETCATALOG_COMPILER_APPICON_NAME = AppIcon;
				COMBINE_HIDPI_IMAGES = YES;
				INFOPLIST_FILE = Mac/Info.plist;
				LD_RUNPATH_SEARCH_PATHS = "$(inherited) @executable_path/../Frameworks";
				PRODUCT_BUNDLE_IDENTIFIER = com.hongmao.Mac;
				PRODUCT_NAME = "$(TARGET_NAME)";
			};
			name = Debug;
		};
		2C56B67A1C0EE4A200E16672 /* Release */ = {
			isa = XCBuildConfiguration;
			buildSettings = {
				ASSETCATALOG_COMPILER_APPICON_NAME = AppIcon;
				COMBINE_HIDPI_IMAGES = YES;
				INFOPLIST_FILE = Mac/Info.plist;
				LD_RUNPATH_SEARCH_PATHS = "$(inherited) @executable_path/../Frameworks";
				PRODUCT_BUNDLE_IDENTIFIER = com.hongmao.Mac;
				PRODUCT_NAME = "$(TARGET_NAME)";
			};
			name = Release;
		};
/* End XCBuildConfiguration section */

/* Begin XCConfigurationList section */
		2C56B6621C0EE4A200E16672 /* Build configuration list for PBXProject "Mac" */ = {
			isa = XCConfigurationList;
			buildConfigurations = (
				2C56B6761C0EE4A200E16672 /* Debug */,
				2C56B6771C0EE4A200E16672 /* Release */,
			);
			defaultConfigurationIsVisible = 0;
			defaultConfigurationName = Release;
		};
		2C56B6781C0EE4A200E16672 /* Build configuration list for PBXNativeTarget "Mac" */ = {
			isa = XCConfigurationList;
			buildConfigurations = (
				2C56B6791C0EE4A200E16672 /* Debug */,
				2C56B67A1C0EE4A200E16672 /* Release */,
			);
			defaultConfigurationIsVisible = 0;
		};
/* End XCConfigurationList section */
	};
	rootObject = 2C56B65F1C0EE4A200E16672 /* Project object */;
}
